
Microsoft Visual Studio Solution File, Format Version 12.00
Project("{FAE04EC0-301F-11D3-BF4B-00C04F79EFBC}") = "Domain", "Domain\Domain.csproj", "{F62CF5AC-FB2B-431B-B9D0-1476AECAA318}"
EndProject
Project("{FAE04EC0-301F-11D3-BF4B-00C04F79EFBC}") = "Infrastructure", "Infrastructure\Infrastructure.csproj", "{FFA4C199-20DC-4064-B836-0369117881BE}"
EndProject
Project("{FAE04EC0-301F-11D3-BF4B-00C04F79EFBC}") = "Services", "Services\Services.csproj", "{8F87DF96-3250-4073-884F-B1FEC014B7C5}"
EndProject
Project("{FAE04EC0-301F-11D3-BF4B-00C04F79EFBC}") = "WebApi", "WebApi\WebApi.csproj", "{A95E7CAD-BF6D-40CA-996F-C0EF3E1E8F02}"
EndProject
Global
	GlobalSection(SolutionConfigurationPlatforms) = preSolution
		Debug|Any CPU = Debug|Any CPU
		Release|Any CPU = Release|Any CPU
	EndGlobalSection
	GlobalSection(ProjectConfigurationPlatforms) = postSolution
		{F62CF5AC-FB2B-431B-B9D0-1476AECAA318}.Debug|Any CPU.ActiveCfg = Debug|Any CPU
		{F62CF5AC-FB2B-431B-B9D0-1476AECAA318}.Debug|Any CPU.Build.0 = Debug|Any CPU
		{F62CF5AC-FB2B-431B-B9D0-1476AECAA318}.Release|Any CPU.ActiveCfg = Release|Any CPU
		{F62CF5AC-FB2B-431B-B9D0-1476AECAA318}.Release|Any CPU.Build.0 = Release|Any CPU
		{FFA4C199-20DC-4064-B836-0369117881BE}.Debug|Any CPU.ActiveCfg = Debug|Any CPU
		{FFA4C199-20DC-4064-B836-0369117881BE}.Debug|Any CPU.Build.0 = Debug|Any CPU
		{FFA4C199-20DC-4064-B836-0369117881BE}.Release|Any CPU.ActiveCfg = Release|Any CPU
		{FFA4C199-20DC-4064-B836-0369117881BE}.Release|Any CPU.Build.0 = Release|Any CPU
		{8F87DF96-3250-4073-884F-B1FEC014B7C5}.Debug|Any CPU.ActiveCfg = Debug|Any CPU
		{8F87DF96-3250-4073-884F-B1FEC014B7C5}.Debug|Any CPU.Build.0 = Debug|Any CPU
		{8F87DF96-3250-4073-884F-B1FEC014B7C5}.Release|Any CPU.ActiveCfg = Release|Any CPU
		{8F87DF96-3250-4073-884F-B1FEC014B7C5}.Release|Any CPU.Build.0 = Release|Any CPU
		{A95E7CAD-BF6D-40CA-996F-C0EF3E1E8F02}.Debug|Any CPU.ActiveCfg = Debug|Any CPU
		{A95E7CAD-BF6D-40CA-996F-C0EF3E1E8F02}.Debug|Any CPU.Build.0 = Debug|Any CPU
		{A95E7CAD-BF6D-40CA-996F-C0EF3E1E8F02}.Release|Any CPU.ActiveCfg = Release|Any CPU
		{A95E7CAD-BF6D-40CA-996F-C0EF3E1E8F02}.Release|Any CPU.Build.0 = Release|Any CPU
	EndGlobalSection
EndGlobal
